
Microsoft Visual Studio Solution File, Format Version 11.00
# Visual Studio 2010
Project("{FAE04EC0-301F-11D3-BF4B-00C04F79EFBC}") = "Api", "Api\Api.csproj", "{F99E4720-D2A0-461B-A454-E6169BFA8C38}"
EndProject
Project("{FAE04EC0-301F-11D3-BF4B-00C04F79EFBC}") = "Test", "Test\Test.csproj", "{DB746203-07F0-493B-9D31-7274C19449D2}"
EndProject
Project("{2150E333-8FDC-42A3-9474-1A3956D46DE8}") = "Solution Items", "Solution Items", "{FC817F08-F217-444B-9071-9AE99FE6EAB6}"
	ProjectSection(SolutionItems) = preProject
		Local.testsettings = Local.testsettings
		redmine-net-api.vsmdi = redmine-net-api.vsmdi
		TraceAndTestImpact.testsettings = TraceAndTestImpact.testsettings
	EndProjectSection
EndProject
Project("{2150E333-8FDC-42A3-9474-1A3956D46DE8}") = "TestFiles", "TestFiles", "{FB4DCCE9-D180-4999-8814-AF430C738069}"
	ProjectSection(SolutionItems) = preProject
		TestFiles\issues.xml = TestFiles\issues.xml
	EndProjectSection
EndProject
Project("{FAE04EC0-301F-11D3-BF4B-00C04F79EFBC}") = "Api(Portable)", "Api(Portable)\Api(Portable).csproj", "{87B234A7-3248-48D0-B31C-FD412E8AFDC1}"
EndProject
Global
	GlobalSection(TestCaseManagementSettings) = postSolution
		CategoryFile = redmine-net-api.vsmdi
	EndGlobalSection
	GlobalSection(SolutionConfigurationPlatforms) = preSolution
		Debug|Any CPU = Debug|Any CPU
		Debug|Mixed Platforms = Debug|Mixed Platforms
		Debug|x86 = Debug|x86
		Release|Any CPU = Release|Any CPU
		Release|Mixed Platforms = Release|Mixed Platforms
		Release|x86 = Release|x86
	EndGlobalSection
	GlobalSection(ProjectConfigurationPlatforms) = postSolution
		{F99E4720-D2A0-461B-A454-E6169BFA8C38}.Debug|Any CPU.ActiveCfg = Debug|Any CPU
		{F99E4720-D2A0-461B-A454-E6169BFA8C38}.Debug|Any CPU.Build.0 = Debug|Any CPU
		{F99E4720-D2A0-461B-A454-E6169BFA8C38}.Debug|Mixed Platforms.ActiveCfg = Debug|Any CPU
		{F99E4720-D2A0-461B-A454-E6169BFA8C38}.Debug|Mixed Platforms.Build.0 = Debug|Any CPU
		{F99E4720-D2A0-461B-A454-E6169BFA8C38}.Debug|x86.ActiveCfg = Debug|Any CPU
		{F99E4720-D2A0-461B-A454-E6169BFA8C38}.Release|Any CPU.ActiveCfg = Release|Any CPU
		{F99E4720-D2A0-461B-A454-E6169BFA8C38}.Release|Any CPU.Build.0 = Release|Any CPU
		{F99E4720-D2A0-461B-A454-E6169BFA8C38}.Release|Mixed Platforms.ActiveCfg = Release|Any CPU
		{F99E4720-D2A0-461B-A454-E6169BFA8C38}.Release|Mixed Platforms.Build.0 = Release|Any CPU
		{F99E4720-D2A0-461B-A454-E6169BFA8C38}.Release|x86.ActiveCfg = Release|Any CPU
		{DB746203-07F0-493B-9D31-7274C19449D2}.Debug|Any CPU.ActiveCfg = Debug|Any CPU
		{DB746203-07F0-493B-9D31-7274C19449D2}.Debug|Any CPU.Build.0 = Debug|Any CPU
		{DB746203-07F0-493B-9D31-7274C19449D2}.Debug|Mixed Platforms.ActiveCfg = Debug|Any CPU
		{DB746203-07F0-493B-9D31-7274C19449D2}.Debug|Mixed Platforms.Build.0 = Debug|Any CPU
		{DB746203-07F0-493B-9D31-7274C19449D2}.Debug|x86.ActiveCfg = Debug|Any CPU
		{DB746203-07F0-493B-9D31-7274C19449D2}.Release|Any CPU.ActiveCfg = Release|Any CPU
		{DB746203-07F0-493B-9D31-7274C19449D2}.Release|Any CPU.Build.0 = Release|Any CPU
		{DB746203-07F0-493B-9D31-7274C19449D2}.Release|Mixed Platforms.ActiveCfg = Release|Any CPU
		{DB746203-07F0-493B-9D31-7274C19449D2}.Release|Mixed Platforms.Build.0 = Release|Any CPU
		{DB746203-07F0-493B-9D31-7274C19449D2}.Release|x86.ActiveCfg = Release|Any CPU
		{87B234A7-3248-48D0-B31C-FD412E8AFDC1}.Debug|Any CPU.ActiveCfg = Debug|Any CPU
		{87B234A7-3248-48D0-B31C-FD412E8AFDC1}.Debug|Any CPU.Build.0 = Debug|Any CPU
		{87B234A7-3248-48D0-B31C-FD412E8AFDC1}.Debug|Mixed Platforms.ActiveCfg = Debug|Any CPU
		{87B234A7-3248-48D0-B31C-FD412E8AFDC1}.Debug|Mixed Platforms.Build.0 = Debug|Any CPU
		{87B234A7-3248-48D0-B31C-FD412E8AFDC1}.Debug|x86.ActiveCfg = Debug|Any CPU
		{87B234A7-3248-48D0-B31C-FD412E8AFDC1}.Release|Any CPU.ActiveCfg = Release|Any CPU
		{87B234A7-3248-48D0-B31C-FD412E8AFDC1}.Release|Any CPU.Build.0 = Release|Any CPU
		{87B234A7-3248-48D0-B31C-FD412E8AFDC1}.Release|Mixed Platforms.ActiveCfg = Release|Any CPU
		{87B234A7-3248-48D0-B31C-FD412E8AFDC1}.Release|Mixed Platforms.Build.0 = Release|Any CPU
		{87B234A7-3248-48D0-B31C-FD412E8AFDC1}.Release|x86.ActiveCfg = Release|Any CPU
	EndGlobalSection
	GlobalSection(SolutionProperties) = preSolution
		HideSolutionNode = FALSE
	EndGlobalSection
EndGlobal
