Microsoft Visual Studio Solution File, Format Version 12.00
# Visual Studio Version 16
VisualStudioVersion = 16.0.29503.13
MinimumVisualStudioVersion = 10.0.40219.1
Project("{2150E333-8FDC-42A3-9474-1A3956D46DE8}") = "src", "src", "{0DFF4758-5C19-4D8F-BA6C-76E618323F6A}"
EndProject
Project("{2150E333-8FDC-42A3-9474-1A3956D46DE8}") = "tests", "tests", "{F3F4278D-6271-4F77-BA88-41555D53CBD1}"
EndProject
Project("{9A19103F-16F7-4668-BE54-9A1E7A4F7556}") = "redmine-net-api", "src\redmine-net-api\redmine-net-api.csproj", "{0E6B9B72-445D-4E71-8D29-48C4A009AB03}"
EndProject
Project("{9A19103F-16F7-4668-BE54-9A1E7A4F7556}") = "redmine-net-api.Tests", "tests\redmine-net-api.Tests\redmine-net-api.Tests.csproj", "{900EF0B3-0233-45DA-811F-4C59483E8452}"
EndProject
Project("{2150E333-8FDC-42A3-9474-1A3956D46DE8}") = "SolutionFolder", "SolutionFolder", "{E8C35EC2-DD90-46E8-9B63-84EFD5F2FDE3}"
	ProjectSection(SolutionItems) = preProject
		CHANGELOG.md = CHANGELOG.md
		CONTRIBUTING.md = CONTRIBUTING.md
		ISSUE_TEMPLATE.md = ISSUE_TEMPLATE.md
		LICENSE = LICENSE
		PULL_REQUEST_TEMPLATE.md = PULL_REQUEST_TEMPLATE.md
		README.md = README.md
	EndProjectSection
EndProject
Project("{2150E333-8FDC-42A3-9474-1A3956D46DE8}") = "GitActions", "GitActions", "{79119F8B-C468-4DC8-BE6F-6E7102BD2079}"
	ProjectSection(SolutionItems) = preProject
		.github\workflows\codeql-analysis.yml = .github\workflows\codeql-analysis.yml
		.github\workflows\build-and-test.yml = .github\workflows\build-and-test.yml
		.github\workflows\publish.yml = .github\workflows\publish.yml
	EndProjectSection
EndProject
Project("{2150E333-8FDC-42A3-9474-1A3956D46DE8}") = "AppVeyor", "AppVeyor", "{F20AEA6C-B957-4A83-9616-B91548B4C561}"
	ProjectSection(SolutionItems) = preProject
		appveyor.yml = appveyor.yml
	EndProjectSection
EndProject
Project("{2150E333-8FDC-42A3-9474-1A3956D46DE8}") = "Props", "Props", "{707B6A3F-1A2C-4EFE-851F-1DB0E68CFFFB}"
	ProjectSection(SolutionItems) = preProject
		Directory.Build.props = Directory.Build.props
		releasenotes.props = releasenotes.props
		signing.props = signing.props
		version.props = version.props
	EndProjectSection
EndProject
Project("{2150E333-8FDC-42A3-9474-1A3956D46DE8}") = "Docker", "Docker", "{1D340EEB-C535-45D4-80D7-ADD4434D7B77}"
	ProjectSection(SolutionItems) = preProject
		docker-compose.yml = docker-compose.yml
	EndProjectSection
EndProject
Project("{2150E333-8FDC-42A3-9474-1A3956D46DE8}") = "Others", "Others", "{4ADECA2A-4D7B-4F05-85A2-0C0963A83689}"
	ProjectSection(SolutionItems) = preProject
		logo.png = logo.png
		redmine-net-api.snk = redmine-net-api.snk
		global.json = global.json
	EndProjectSection
EndProject
Project("{FAE04EC0-301F-11D3-BF4B-00C04F79EFBC}") = "redmine-net-api.Integration.Tests", "tests\redmine-net-api.Integration.Tests\redmine-net-api.Integration.Tests.csproj", "{254DABFE-7C92-4C16-84A5-630330D56D4D}"
EndProject
Global
	GlobalSection(SolutionConfigurationPlatforms) = preSolution
		Debug|Any CPU = Debug|Any CPU
		DebugJson|Any CPU = DebugJson|Any CPU
		Release|Any CPU = Release|Any CPU
	EndGlobalSection
	GlobalSection(ProjectConfigurationPlatforms) = postSolution
		{0E6B9B72-445D-4E71-8D29-48C4A009AB03}.Debug|Any CPU.ActiveCfg = Debug|Any CPU
		{0E6B9B72-445D-4E71-8D29-48C4A009AB03}.Debug|Any CPU.Build.0 = Debug|Any CPU
		{0E6B9B72-445D-4E71-8D29-48C4A009AB03}.DebugJson|Any CPU.ActiveCfg = DebugJson|Any CPU
		{0E6B9B72-445D-4E71-8D29-48C4A009AB03}.DebugJson|Any CPU.Build.0 = DebugJson|Any CPU
		{0E6B9B72-445D-4E71-8D29-48C4A009AB03}.Release|Any CPU.ActiveCfg = Debug|Any CPU
		{0E6B9B72-445D-4E71-8D29-48C4A009AB03}.Release|Any CPU.Build.0 = Debug|Any CPU
		{900EF0B3-0233-45DA-811F-4C59483E8452}.Debug|Any CPU.ActiveCfg = Debug|Any CPU
		{900EF0B3-0233-45DA-811F-4C59483E8452}.Debug|Any CPU.Build.0 = Debug|Any CPU
		{900EF0B3-0233-45DA-811F-4C59483E8452}.DebugJson|Any CPU.ActiveCfg = DebugJson|Any CPU
		{900EF0B3-0233-45DA-811F-4C59483E8452}.DebugJson|Any CPU.Build.0 = DebugJson|Any CPU
		{900EF0B3-0233-45DA-811F-4C59483E8452}.Release|Any CPU.ActiveCfg = Debug|Any CPU
		{254DABFE-7C92-4C16-84A5-630330D56D4D}.Debug|Any CPU.ActiveCfg = Debug|Any CPU
		{254DABFE-7C92-4C16-84A5-630330D56D4D}.Debug|Any CPU.Build.0 = Debug|Any CPU
		{254DABFE-7C92-4C16-84A5-630330D56D4D}.DebugJson|Any CPU.ActiveCfg = Debug|Any CPU
		{254DABFE-7C92-4C16-84A5-630330D56D4D}.DebugJson|Any CPU.Build.0 = Debug|Any CPU
		{254DABFE-7C92-4C16-84A5-630330D56D4D}.Release|Any CPU.ActiveCfg = Release|Any CPU
		{254DABFE-7C92-4C16-84A5-630330D56D4D}.Release|Any CPU.Build.0 = Release|Any CPU
	EndGlobalSection
	GlobalSection(SolutionProperties) = preSolution
		HideSolutionNode = FALSE
	EndGlobalSection
	GlobalSection(NestedProjects) = preSolution
		{0E6B9B72-445D-4E71-8D29-48C4A009AB03} = {0DFF4758-5C19-4D8F-BA6C-76E618323F6A}
		{900EF0B3-0233-45DA-811F-4C59483E8452} = {F3F4278D-6271-4F77-BA88-41555D53CBD1}
		{79119F8B-C468-4DC8-BE6F-6E7102BD2079} = {E8C35EC2-DD90-46E8-9B63-84EFD5F2FDE3}
		{F20AEA6C-B957-4A83-9616-B91548B4C561} = {E8C35EC2-DD90-46E8-9B63-84EFD5F2FDE3}
		{707B6A3F-1A2C-4EFE-851F-1DB0E68CFFFB} = {E8C35EC2-DD90-46E8-9B63-84EFD5F2FDE3}
		{1D340EEB-C535-45D4-80D7-ADD4434D7B77} = {E8C35EC2-DD90-46E8-9B63-84EFD5F2FDE3}
		{4ADECA2A-4D7B-4F05-85A2-0C0963A83689} = {E8C35EC2-DD90-46E8-9B63-84EFD5F2FDE3}
		{254DABFE-7C92-4C16-84A5-630330D56D4D} = {F3F4278D-6271-4F77-BA88-41555D53CBD1}
	EndGlobalSection
	GlobalSection(ExtensibilityGlobals) = postSolution
		SolutionGuid = {4AA87D90-ABD0-4793-BE47-955B35FAE2BB}
	EndGlobalSection
	GlobalSection(CodealikeProperties) = postSolution
		SolutionGuid = 74da85cc-5a0d-4590-a976-666d0b2d41cb
	EndGlobalSection
	GlobalSection(TestCaseManagementSettings) = postSolution
		CategoryFile = redmine-net-api.vsmdi
	EndGlobalSection
EndGlobal
