
Microsoft Visual Studio Solution File, Format Version 12.00
# Visual Studio 15
VisualStudioVersion = 15.0.26228.9
MinimumVisualStudioVersion = 10.0.40219.1
Project("{FAE04EC0-301F-11D3-BF4B-00C04F79EFBC}") = "redmine-net-api", "redmine-net-api.csproj", "{0E6B9B72-445D-4E71-8D29-48C4A009AB03}"
EndProject
Global
	GlobalSection(SolutionConfigurationPlatforms) = preSolution
		Debug|Any CPU = Debug|Any CPU
		DebugJSON|Any CPU = DebugJSON|Any CPU
		DebugXML|Any CPU = DebugXML|Any CPU
		Release|Any CPU = Release|Any CPU
	EndGlobalSection
	GlobalSection(ProjectConfigurationPlatforms) = postSolution
		{0E6B9B72-445D-4E71-8D29-48C4A009AB03}.Debug|Any CPU.ActiveCfg = Debug|Any CPU
		{0E6B9B72-445D-4E71-8D29-48C4A009AB03}.Debug|Any CPU.Build.0 = Debug|Any CPU
		{0E6B9B72-445D-4E71-8D29-48C4A009AB03}.DebugJSON|Any CPU.ActiveCfg = Debug|Any CPU
		{0E6B9B72-445D-4E71-8D29-48C4A009AB03}.DebugJSON|Any CPU.Build.0 = Debug|Any CPU
		{0E6B9B72-445D-4E71-8D29-48C4A009AB03}.DebugXML|Any CPU.ActiveCfg = Debug|Any CPU
		{0E6B9B72-445D-4E71-8D29-48C4A009AB03}.DebugXML|Any CPU.Build.0 = Debug|Any CPU
		{0E6B9B72-445D-4E71-8D29-48C4A009AB03}.Release|Any CPU.ActiveCfg = Release|Any CPU
		{0E6B9B72-445D-4E71-8D29-48C4A009AB03}.Release|Any CPU.Build.0 = Release|Any CPU
	EndGlobalSection
	GlobalSection(SolutionProperties) = preSolution
		HideSolutionNode = FALSE
	EndGlobalSection
	GlobalSection(ExtensibilityGlobals) = postSolution
		SolutionGuid = {4AA87D90-ABD0-4793-BE47-955B35FAE2BB}
	EndGlobalSection
	GlobalSection(CodealikeProperties) = postSolution
		SolutionGuid = 74da85cc-5a0d-4590-a976-666d0b2d41cb
	EndGlobalSection
	GlobalSection(TestCaseManagementSettings) = postSolution
		CategoryFile = redmine-net-api.vsmdi
	EndGlobalSection
EndGlobal
