
Microsoft Visual Studio Solution File, Format Version 12.00
# Visual Studio 15
VisualStudioVersion = 15.0.26228.9
MinimumVisualStudioVersion = 10.0.40219.1
Project("{2150E333-8FDC-42A3-9474-1A3956D46DE8}") = "src", "src", "{0DFF4758-5C19-4D8F-BA6C-76E618323F6A}"
EndProject
Project("{2150E333-8FDC-42A3-9474-1A3956D46DE8}") = "tests", "tests", "{F3F4278D-6271-4F77-BA88-41555D53CBD1}"
EndProject
Project("{FAE04EC0-301F-11D3-BF4B-00C04F79EFBC}") = "redmine-net20-api", "redmine-net20-api\redmine-net20-api.csproj", "{0E6B9B72-445D-4E71-8D29-48C4A009AB03}"
EndProject
Project("{FAE04EC0-301F-11D3-BF4B-00C04F79EFBC}") = "redmine-net40-api", "redmine-net40-api\redmine-net40-api.csproj", "{22492A69-B890-4D5B-A2FC-E2F6C63935B8}"
EndProject
Project("{FAE04EC0-301F-11D3-BF4B-00C04F79EFBC}") = "redmine-net40-api-signed", "redmine-net40-api-signed\redmine-net40-api-signed.csproj", "{00F410C6-E398-4F58-869B-34CD7275096A}"
EndProject
Project("{FAE04EC0-301F-11D3-BF4B-00C04F79EFBC}") = "redmine-net450-api", "redmine-net450-api\redmine-net450-api.csproj", "{AEDFD095-F4B0-4630-B41A-9A22169456E9}"
EndProject
Project("{FAE04EC0-301F-11D3-BF4B-00C04F79EFBC}") = "redmine-net450-api-signed", "redmine-net450-api-signed\redmine-net450-api-signed.csproj", "{028B9120-A7FC-4B23-AA9C-F18087058F76}"
EndProject
Project("{FAE04EC0-301F-11D3-BF4B-00C04F79EFBC}") = "redmine-net451-api", "redmine-net451-api\redmine-net451-api.csproj", "{B67F0035-336C-4CDA-80A8-DE94EEDF5627}"
EndProject
Project("{FAE04EC0-301F-11D3-BF4B-00C04F79EFBC}") = "redmine-net451-api-signed", "redmine-net451-api-signed\redmine-net451-api-signed.csproj", "{7FB65A2A-946B-4ACD-A6A2-85FA6D517CC2}"
EndProject
Project("{FAE04EC0-301F-11D3-BF4B-00C04F79EFBC}") = "redmine-net452-api", "redmine-net452-api\redmine-net452-api.csproj", "{4EE7D8D8-AA65-442B-A928-580B4604B9AF}"
EndProject
Project("{FAE04EC0-301F-11D3-BF4B-00C04F79EFBC}") = "redmine-net452-api-signed", "redmine-net452-api-signed\redmine-net452-api-signed.csproj", "{6CBF5FC3-7783-44E7-90CA-8D12B165B9C3}"
EndProject
Project("{FAE04EC0-301F-11D3-BF4B-00C04F79EFBC}") = "redmine-net-api.Tests", "redmine-net-api.Tests\redmine-net-api.Tests.csproj", "{900EF0B3-0233-45DA-811F-4C59483E8452}"
EndProject
Project("{FAE04EC0-301F-11D3-BF4B-00C04F79EFBC}") = "redmine-net-api.TestConsole", "redmine-net-api.TestConsole\redmine-net-api.TestConsole.csproj", "{5A5D51BC-2800-44B4-9E12-05264BDCEBF7}"
EndProject
Global
	GlobalSection(SolutionConfigurationPlatforms) = preSolution
		Debug|Any CPU = Debug|Any CPU
		DebugJSON|Any CPU = DebugJSON|Any CPU
		DebugXML|Any CPU = DebugXML|Any CPU
		Release|Any CPU = Release|Any CPU
	EndGlobalSection
	GlobalSection(ProjectConfigurationPlatforms) = postSolution
		{0E6B9B72-445D-4E71-8D29-48C4A009AB03}.Debug|Any CPU.ActiveCfg = Debug|Any CPU
		{0E6B9B72-445D-4E71-8D29-48C4A009AB03}.Debug|Any CPU.Build.0 = Debug|Any CPU
		{0E6B9B72-445D-4E71-8D29-48C4A009AB03}.DebugJSON|Any CPU.ActiveCfg = DebugJSON|Any CPU
		{0E6B9B72-445D-4E71-8D29-48C4A009AB03}.DebugJSON|Any CPU.Build.0 = DebugJSON|Any CPU
		{0E6B9B72-445D-4E71-8D29-48C4A009AB03}.DebugXML|Any CPU.ActiveCfg = DebugXML|Any CPU
		{0E6B9B72-445D-4E71-8D29-48C4A009AB03}.DebugXML|Any CPU.Build.0 = DebugXML|Any CPU
		{0E6B9B72-445D-4E71-8D29-48C4A009AB03}.Release|Any CPU.ActiveCfg = Release|Any CPU
		{0E6B9B72-445D-4E71-8D29-48C4A009AB03}.Release|Any CPU.Build.0 = Release|Any CPU
		{22492A69-B890-4D5B-A2FC-E2F6C63935B8}.Debug|Any CPU.ActiveCfg = Debug|Any CPU
		{22492A69-B890-4D5B-A2FC-E2F6C63935B8}.Debug|Any CPU.Build.0 = Debug|Any CPU
		{22492A69-B890-4D5B-A2FC-E2F6C63935B8}.DebugJSON|Any CPU.ActiveCfg = DebugJSON|Any CPU
		{22492A69-B890-4D5B-A2FC-E2F6C63935B8}.DebugJSON|Any CPU.Build.0 = DebugJSON|Any CPU
		{22492A69-B890-4D5B-A2FC-E2F6C63935B8}.DebugXML|Any CPU.ActiveCfg = DebugXML|Any CPU
		{22492A69-B890-4D5B-A2FC-E2F6C63935B8}.DebugXML|Any CPU.Build.0 = DebugXML|Any CPU
		{22492A69-B890-4D5B-A2FC-E2F6C63935B8}.Release|Any CPU.ActiveCfg = Release|Any CPU
		{22492A69-B890-4D5B-A2FC-E2F6C63935B8}.Release|Any CPU.Build.0 = Release|Any CPU
		{00F410C6-E398-4F58-869B-34CD7275096A}.Debug|Any CPU.ActiveCfg = Debug|Any CPU
		{00F410C6-E398-4F58-869B-34CD7275096A}.Debug|Any CPU.Build.0 = Debug|Any CPU
		{00F410C6-E398-4F58-869B-34CD7275096A}.DebugJSON|Any CPU.ActiveCfg = DebugJSON|Any CPU
		{00F410C6-E398-4F58-869B-34CD7275096A}.DebugJSON|Any CPU.Build.0 = DebugJSON|Any CPU
		{00F410C6-E398-4F58-869B-34CD7275096A}.DebugXML|Any CPU.ActiveCfg = DebugXML|Any CPU
		{00F410C6-E398-4F58-869B-34CD7275096A}.DebugXML|Any CPU.Build.0 = DebugXML|Any CPU
		{00F410C6-E398-4F58-869B-34CD7275096A}.Release|Any CPU.ActiveCfg = Release|Any CPU
		{00F410C6-E398-4F58-869B-34CD7275096A}.Release|Any CPU.Build.0 = Release|Any CPU
		{AEDFD095-F4B0-4630-B41A-9A22169456E9}.Debug|Any CPU.ActiveCfg = Debug|Any CPU
		{AEDFD095-F4B0-4630-B41A-9A22169456E9}.Debug|Any CPU.Build.0 = Debug|Any CPU
		{AEDFD095-F4B0-4630-B41A-9A22169456E9}.DebugJSON|Any CPU.ActiveCfg = DebugJSON|Any CPU
		{AEDFD095-F4B0-4630-B41A-9A22169456E9}.DebugJSON|Any CPU.Build.0 = DebugJSON|Any CPU
		{AEDFD095-F4B0-4630-B41A-9A22169456E9}.DebugXML|Any CPU.ActiveCfg = DebugXML|Any CPU
		{AEDFD095-F4B0-4630-B41A-9A22169456E9}.DebugXML|Any CPU.Build.0 = DebugXML|Any CPU
		{AEDFD095-F4B0-4630-B41A-9A22169456E9}.Release|Any CPU.ActiveCfg = Release|Any CPU
		{AEDFD095-F4B0-4630-B41A-9A22169456E9}.Release|Any CPU.Build.0 = Release|Any CPU
		{028B9120-A7FC-4B23-AA9C-F18087058F76}.Debug|Any CPU.ActiveCfg = Debug|Any CPU
		{028B9120-A7FC-4B23-AA9C-F18087058F76}.Debug|Any CPU.Build.0 = Debug|Any CPU
		{028B9120-A7FC-4B23-AA9C-F18087058F76}.DebugJSON|Any CPU.ActiveCfg = DebugJSON|Any CPU
		{028B9120-A7FC-4B23-AA9C-F18087058F76}.DebugJSON|Any CPU.Build.0 = DebugJSON|Any CPU
		{028B9120-A7FC-4B23-AA9C-F18087058F76}.DebugXML|Any CPU.ActiveCfg = DebugXML|Any CPU
		{028B9120-A7FC-4B23-AA9C-F18087058F76}.DebugXML|Any CPU.Build.0 = DebugXML|Any CPU
		{028B9120-A7FC-4B23-AA9C-F18087058F76}.Release|Any CPU.ActiveCfg = Release|Any CPU
		{028B9120-A7FC-4B23-AA9C-F18087058F76}.Release|Any CPU.Build.0 = Release|Any CPU
		{B67F0035-336C-4CDA-80A8-DE94EEDF5627}.Debug|Any CPU.ActiveCfg = Debug|Any CPU
		{B67F0035-336C-4CDA-80A8-DE94EEDF5627}.Debug|Any CPU.Build.0 = Debug|Any CPU
		{B67F0035-336C-4CDA-80A8-DE94EEDF5627}.DebugJSON|Any CPU.ActiveCfg = Debug|Any CPU
		{B67F0035-336C-4CDA-80A8-DE94EEDF5627}.DebugJSON|Any CPU.Build.0 = Debug|Any CPU
		{B67F0035-336C-4CDA-80A8-DE94EEDF5627}.DebugXML|Any CPU.ActiveCfg = Debug|Any CPU
		{B67F0035-336C-4CDA-80A8-DE94EEDF5627}.DebugXML|Any CPU.Build.0 = Debug|Any CPU
		{B67F0035-336C-4CDA-80A8-DE94EEDF5627}.Release|Any CPU.ActiveCfg = Release|Any CPU
		{B67F0035-336C-4CDA-80A8-DE94EEDF5627}.Release|Any CPU.Build.0 = Release|Any CPU
		{7FB65A2A-946B-4ACD-A6A2-85FA6D517CC2}.Debug|Any CPU.ActiveCfg = Debug|Any CPU
		{7FB65A2A-946B-4ACD-A6A2-85FA6D517CC2}.Debug|Any CPU.Build.0 = Debug|Any CPU
		{7FB65A2A-946B-4ACD-A6A2-85FA6D517CC2}.DebugJSON|Any CPU.ActiveCfg = Debug|Any CPU
		{7FB65A2A-946B-4ACD-A6A2-85FA6D517CC2}.DebugJSON|Any CPU.Build.0 = Debug|Any CPU
		{7FB65A2A-946B-4ACD-A6A2-85FA6D517CC2}.DebugXML|Any CPU.ActiveCfg = Debug|Any CPU
		{7FB65A2A-946B-4ACD-A6A2-85FA6D517CC2}.DebugXML|Any CPU.Build.0 = Debug|Any CPU
		{7FB65A2A-946B-4ACD-A6A2-85FA6D517CC2}.Release|Any CPU.ActiveCfg = Release|Any CPU
		{7FB65A2A-946B-4ACD-A6A2-85FA6D517CC2}.Release|Any CPU.Build.0 = Release|Any CPU
		{4EE7D8D8-AA65-442B-A928-580B4604B9AF}.Debug|Any CPU.ActiveCfg = Debug|Any CPU
		{4EE7D8D8-AA65-442B-A928-580B4604B9AF}.Debug|Any CPU.Build.0 = Debug|Any CPU
		{4EE7D8D8-AA65-442B-A928-580B4604B9AF}.DebugJSON|Any CPU.ActiveCfg = Debug|Any CPU
		{4EE7D8D8-AA65-442B-A928-580B4604B9AF}.DebugJSON|Any CPU.Build.0 = Debug|Any CPU
		{4EE7D8D8-AA65-442B-A928-580B4604B9AF}.DebugXML|Any CPU.ActiveCfg = Debug|Any CPU
		{4EE7D8D8-AA65-442B-A928-580B4604B9AF}.DebugXML|Any CPU.Build.0 = Debug|Any CPU
		{4EE7D8D8-AA65-442B-A928-580B4604B9AF}.Release|Any CPU.ActiveCfg = Release|Any CPU
		{4EE7D8D8-AA65-442B-A928-580B4604B9AF}.Release|Any CPU.Build.0 = Release|Any CPU
		{6CBF5FC3-7783-44E7-90CA-8D12B165B9C3}.Debug|Any CPU.ActiveCfg = Debug|Any CPU
		{6CBF5FC3-7783-44E7-90CA-8D12B165B9C3}.Debug|Any CPU.Build.0 = Debug|Any CPU
		{6CBF5FC3-7783-44E7-90CA-8D12B165B9C3}.DebugJSON|Any CPU.ActiveCfg = Debug|Any CPU
		{6CBF5FC3-7783-44E7-90CA-8D12B165B9C3}.DebugJSON|Any CPU.Build.0 = Debug|Any CPU
		{6CBF5FC3-7783-44E7-90CA-8D12B165B9C3}.DebugXML|Any CPU.ActiveCfg = Debug|Any CPU
		{6CBF5FC3-7783-44E7-90CA-8D12B165B9C3}.DebugXML|Any CPU.Build.0 = Debug|Any CPU
		{6CBF5FC3-7783-44E7-90CA-8D12B165B9C3}.Release|Any CPU.ActiveCfg = Release|Any CPU
		{6CBF5FC3-7783-44E7-90CA-8D12B165B9C3}.Release|Any CPU.Build.0 = Release|Any CPU
		{900EF0B3-0233-45DA-811F-4C59483E8452}.Debug|Any CPU.ActiveCfg = Debug|Any CPU
		{900EF0B3-0233-45DA-811F-4C59483E8452}.Debug|Any CPU.Build.0 = Debug|Any CPU
		{900EF0B3-0233-45DA-811F-4C59483E8452}.DebugJSON|Any CPU.ActiveCfg = Debug|Any CPU
		{900EF0B3-0233-45DA-811F-4C59483E8452}.DebugJSON|Any CPU.Build.0 = Debug|Any CPU
		{900EF0B3-0233-45DA-811F-4C59483E8452}.DebugXML|Any CPU.ActiveCfg = Debug|Any CPU
		{900EF0B3-0233-45DA-811F-4C59483E8452}.DebugXML|Any CPU.Build.0 = Debug|Any CPU
		{900EF0B3-0233-45DA-811F-4C59483E8452}.Release|Any CPU.ActiveCfg = Release|Any CPU
		{900EF0B3-0233-45DA-811F-4C59483E8452}.Release|Any CPU.Build.0 = Release|Any CPU
		{5A5D51BC-2800-44B4-9E12-05264BDCEBF7}.Debug|Any CPU.ActiveCfg = Debug|Any CPU
		{5A5D51BC-2800-44B4-9E12-05264BDCEBF7}.Debug|Any CPU.Build.0 = Debug|Any CPU
		{5A5D51BC-2800-44B4-9E12-05264BDCEBF7}.DebugJSON|Any CPU.ActiveCfg = Debug|Any CPU
		{5A5D51BC-2800-44B4-9E12-05264BDCEBF7}.DebugJSON|Any CPU.Build.0 = Debug|Any CPU
		{5A5D51BC-2800-44B4-9E12-05264BDCEBF7}.DebugXML|Any CPU.ActiveCfg = Debug|Any CPU
		{5A5D51BC-2800-44B4-9E12-05264BDCEBF7}.DebugXML|Any CPU.Build.0 = Debug|Any CPU
		{5A5D51BC-2800-44B4-9E12-05264BDCEBF7}.Release|Any CPU.ActiveCfg = Release|Any CPU
		{5A5D51BC-2800-44B4-9E12-05264BDCEBF7}.Release|Any CPU.Build.0 = Release|Any CPU
	EndGlobalSection
	GlobalSection(SolutionProperties) = preSolution
		HideSolutionNode = FALSE
	EndGlobalSection
	GlobalSection(NestedProjects) = preSolution
		{0E6B9B72-445D-4E71-8D29-48C4A009AB03} = {0DFF4758-5C19-4D8F-BA6C-76E618323F6A}
		{22492A69-B890-4D5B-A2FC-E2F6C63935B8} = {0DFF4758-5C19-4D8F-BA6C-76E618323F6A}
		{00F410C6-E398-4F58-869B-34CD7275096A} = {0DFF4758-5C19-4D8F-BA6C-76E618323F6A}
		{AEDFD095-F4B0-4630-B41A-9A22169456E9} = {0DFF4758-5C19-4D8F-BA6C-76E618323F6A}
		{028B9120-A7FC-4B23-AA9C-F18087058F76} = {0DFF4758-5C19-4D8F-BA6C-76E618323F6A}
		{B67F0035-336C-4CDA-80A8-DE94EEDF5627} = {0DFF4758-5C19-4D8F-BA6C-76E618323F6A}
		{7FB65A2A-946B-4ACD-A6A2-85FA6D517CC2} = {0DFF4758-5C19-4D8F-BA6C-76E618323F6A}
		{4EE7D8D8-AA65-442B-A928-580B4604B9AF} = {0DFF4758-5C19-4D8F-BA6C-76E618323F6A}
		{6CBF5FC3-7783-44E7-90CA-8D12B165B9C3} = {0DFF4758-5C19-4D8F-BA6C-76E618323F6A}
		{900EF0B3-0233-45DA-811F-4C59483E8452} = {F3F4278D-6271-4F77-BA88-41555D53CBD1}
		{5A5D51BC-2800-44B4-9E12-05264BDCEBF7} = {F3F4278D-6271-4F77-BA88-41555D53CBD1}
	EndGlobalSection
	GlobalSection(ExtensibilityGlobals) = postSolution
		SolutionGuid = {4AA87D90-ABD0-4793-BE47-955B35FAE2BB}
	EndGlobalSection
	GlobalSection(CodealikeProperties) = postSolution
		SolutionGuid = 74da85cc-5a0d-4590-a976-666d0b2d41cb
	EndGlobalSection
	GlobalSection(TestCaseManagementSettings) = postSolution
		CategoryFile = redmine-net-api.vsmdi
	EndGlobalSection
EndGlobal
